
Microsoft Visual Studio Solution File, Format Version 12.00
# Visual Studio 2015
Project("{FAE04EC0-301F-11D3-BF4B-00C04F79EFBC}") = "Star_person_Jump.CSharp", "Star_person_Jump.CSharp.csproj", "{DCF45A8D-6AF9-FB14-92DC-626F90FFAC4B}"
EndProject
Global
	GlobalSection(SolutionConfigurationPlatforms) = preSolution
		Debug|Any CPU = Debug|Any CPU
		Release|Any CPU = Release|Any CPU
	EndGlobalSection
	GlobalSection(ProjectConfigurationPlatforms) = postSolution
		{DCF45A8D-6AF9-FB14-92DC-626F90FFAC4B}.Debug|Any CPU.ActiveCfg = Debug|Any CPU
		{DCF45A8D-6AF9-FB14-92DC-626F90FFAC4B}.Debug|Any CPU.Build.0 = Debug|Any CPU
		{DCF45A8D-6AF9-FB14-92DC-626F90FFAC4B}.Release|Any CPU.ActiveCfg = Release|Any CPU
		{DCF45A8D-6AF9-FB14-92DC-626F90FFAC4B}.Release|Any CPU.Build.0 = Release|Any CPU
	EndGlobalSection
	GlobalSection(SolutionProperties) = preSolution
		HideSolutionNode = FALSE
	EndGlobalSection
EndGlobal
